
Microsoft Visual Studio Solution File, Format Version 12.00
# Visual Studio Version 17
VisualStudioVersion = 17.6.33717.318
MinimumVisualStudioVersion = 10.0.40219.1
Project("{FAE04EC0-301F-11D3-BF4B-00C04F79EFBC}") = "PetHotelAPISolution", "PetHotelAPISolution\PetHotelAPISolution.csproj", "{F5F32744-46CC-4A3D-93AA-CD6082C01C39}"
EndProject
Global
	GlobalSection(SolutionConfigurationPlatforms) = preSolution
		Debug|Any CPU = Debug|Any CPU
		Release|Any CPU = Release|Any CPU
	EndGlobalSection
	GlobalSection(ProjectConfigurationPlatforms) = postSolution
		{F5F32744-46CC-4A3D-93AA-CD6082C01C39}.Debug|Any CPU.ActiveCfg = Debug|Any CPU
		{F5F32744-46CC-4A3D-93AA-CD6082C01C39}.Debug|Any CPU.Build.0 = Debug|Any CPU
		{F5F32744-46CC-4A3D-93AA-CD6082C01C39}.Release|Any CPU.ActiveCfg = Release|Any CPU
		{F5F32744-46CC-4A3D-93AA-CD6082C01C39}.Release|Any CPU.Build.0 = Release|Any CPU
	EndGlobalSection
	GlobalSection(SolutionProperties) = preSolution
		HideSolutionNode = FALSE
	EndGlobalSection
	GlobalSection(ExtensibilityGlobals) = postSolution
		SolutionGuid = {3ABC7327-74CB-4C7A-A2BE-1E3D74972B81}
	EndGlobalSection
EndGlobal
